
Microsoft Visual Studio Solution File, Format Version 12.00
# Visual Studio Version 16
VisualStudioVersion = 16.0.31005.135
MinimumVisualStudioVersion = 10.0.40219.1
Project("{FAE04EC0-301F-11D3-BF4B-00C04F79EFBC}") = "VideoClub.Web", "VideoClub.Web\VideoClub.Web.csproj", "{270C0CE2-FEE4-43E9-A1F8-A3965880973D}"
EndProject
Project("{FAE04EC0-301F-11D3-BF4B-00C04F79EFBC}") = "VideoClub.Core", "VideoClub.Core\VideoClub.Core.csproj", "{F73D7375-65E3-4BEA-AF96-06BC2229CF22}"
EndProject
Project("{FAE04EC0-301F-11D3-BF4B-00C04F79EFBC}") = "VideoClub.Common", "VideoClub.Common\VideoClub.Common.csproj", "{884BA446-49E6-447E-9F07-B478E2172A63}"
EndProject
Project("{FAE04EC0-301F-11D3-BF4B-00C04F79EFBC}") = "VideoClub.Infrastructure", "VideoClub.Infrastructure\VideoClub.Infrastructure.csproj", "{541C328E-4E16-44B5-8432-3C5F9D8B55D2}"
EndProject
Global
	GlobalSection(SolutionConfigurationPlatforms) = preSolution
		Debug|Any CPU = Debug|Any CPU
		Release|Any CPU = Release|Any CPU
	EndGlobalSection
	GlobalSection(ProjectConfigurationPlatforms) = postSolution
		{270C0CE2-FEE4-43E9-A1F8-A3965880973D}.Debug|Any CPU.ActiveCfg = Debug|Any CPU
		{270C0CE2-FEE4-43E9-A1F8-A3965880973D}.Debug|Any CPU.Build.0 = Debug|Any CPU
		{270C0CE2-FEE4-43E9-A1F8-A3965880973D}.Release|Any CPU.ActiveCfg = Release|Any CPU
		{270C0CE2-FEE4-43E9-A1F8-A3965880973D}.Release|Any CPU.Build.0 = Release|Any CPU
		{F73D7375-65E3-4BEA-AF96-06BC2229CF22}.Debug|Any CPU.ActiveCfg = Debug|Any CPU
		{F73D7375-65E3-4BEA-AF96-06BC2229CF22}.Debug|Any CPU.Build.0 = Debug|Any CPU
		{F73D7375-65E3-4BEA-AF96-06BC2229CF22}.Release|Any CPU.ActiveCfg = Release|Any CPU
		{F73D7375-65E3-4BEA-AF96-06BC2229CF22}.Release|Any CPU.Build.0 = Release|Any CPU
		{884BA446-49E6-447E-9F07-B478E2172A63}.Debug|Any CPU.ActiveCfg = Debug|Any CPU
		{884BA446-49E6-447E-9F07-B478E2172A63}.Debug|Any CPU.Build.0 = Debug|Any CPU
		{884BA446-49E6-447E-9F07-B478E2172A63}.Release|Any CPU.ActiveCfg = Release|Any CPU
		{884BA446-49E6-447E-9F07-B478E2172A63}.Release|Any CPU.Build.0 = Release|Any CPU
		{541C328E-4E16-44B5-8432-3C5F9D8B55D2}.Debug|Any CPU.ActiveCfg = Debug|Any CPU
		{541C328E-4E16-44B5-8432-3C5F9D8B55D2}.Debug|Any CPU.Build.0 = Debug|Any CPU
		{541C328E-4E16-44B5-8432-3C5F9D8B55D2}.Release|Any CPU.ActiveCfg = Release|Any CPU
		{541C328E-4E16-44B5-8432-3C5F9D8B55D2}.Release|Any CPU.Build.0 = Release|Any CPU
	EndGlobalSection
	GlobalSection(SolutionProperties) = preSolution
		HideSolutionNode = FALSE
	EndGlobalSection
	GlobalSection(ExtensibilityGlobals) = postSolution
		SolutionGuid = {C5E97687-19EA-4A71-B738-E2E5BBD81578}
	EndGlobalSection
EndGlobal
